
Microsoft Visual Studio Solution File, Format Version 12.00
# Visual Studio 15
VisualStudioVersion = 15.0.27703.2000
MinimumVisualStudioVersion = 10.0.40219.1
Project("{FAE04EC0-301F-11D3-BF4B-00C04F79EFBC}") = "LineNotify_netcore", "LineNotify_netcore\LineNotify_netcore.csproj", "{58D5DE43-D9D3-4365-8DC0-03C6FC516896}"
EndProject
Global
	GlobalSection(SolutionConfigurationPlatforms) = preSolution
		Debug|Any CPU = Debug|Any CPU
		Release|Any CPU = Release|Any CPU
	EndGlobalSection
	GlobalSection(ProjectConfigurationPlatforms) = postSolution
		{58D5DE43-D9D3-4365-8DC0-03C6FC516896}.Debug|Any CPU.ActiveCfg = Debug|Any CPU
		{58D5DE43-D9D3-4365-8DC0-03C6FC516896}.Debug|Any CPU.Build.0 = Debug|Any CPU
		{58D5DE43-D9D3-4365-8DC0-03C6FC516896}.Release|Any CPU.ActiveCfg = Release|Any CPU
		{58D5DE43-D9D3-4365-8DC0-03C6FC516896}.Release|Any CPU.Build.0 = Release|Any CPU
	EndGlobalSection
	GlobalSection(SolutionProperties) = preSolution
		HideSolutionNode = FALSE
	EndGlobalSection
	GlobalSection(ExtensibilityGlobals) = postSolution
		SolutionGuid = {BBD963B2-BA3C-4E1D-8FAE-BE40DB0DC304}
	EndGlobalSection
EndGlobal
